// !$*UTF8*$!
{
	archiveVersion = 1;
	classes = {
	};
	objectVersion = 55;
	objects = {

/* Begin PBXBuildFile section */
		AAE73C3472913275C048AD97 /* Pods_PokemonPro_App.framework in Frameworks */ = {isa = PBXBuildFile; fileRef = F5B29BB30AEA75896ACD5DB3 /* Pods_PokemonPro_App.framework */; };
		D949900C2A715AC700B7B574 /* Events.swift in Sources */ = {isa = PBXBuildFile; fileRef = D949900B2A715AC700B7B574 /* Events.swift */; };
		D949900E2A715B3600B7B574 /* NetworkServiceContainable.swift in Sources */ = {isa = PBXBuildFile; fileRef = D949900D2A715B3600B7B574 /* NetworkServiceContainable.swift */; };
		D94990102A715B8000B7B574 /* NetworkSessionProcessable.swift in Sources */ = {isa = PBXBuildFile; fileRef = D949900F2A715B8000B7B574 /* NetworkSessionProcessable.swift */; };
		D94990122A715BD200B7B574 /* URLContainable.swift in Sources */ = {isa = PBXBuildFile; fileRef = D94990112A715BD200B7B574 /* URLContainable.swift */; };
		D94990172A724FEF00B7B574 /* HTTPMethod.swift in Sources */ = {isa = PBXBuildFile; fileRef = D94990162A724FEF00B7B574 /* HTTPMethod.swift */; };
		D94990192A7251E900B7B574 /* RequestError.swift in Sources */ = {isa = PBXBuildFile; fileRef = D94990182A7251E900B7B574 /* RequestError.swift */; };
		D949901B2A72522A00B7B574 /* NetworkService.swift in Sources */ = {isa = PBXBuildFile; fileRef = D949901A2A72522A00B7B574 /* NetworkService.swift */; };
		D99464592A681E5400503BB7 /* AppDelegate.swift in Sources */ = {isa = PBXBuildFile; fileRef = D99464582A681E5400503BB7 /* AppDelegate.swift */; };
		D994645D2A681E5400503BB7 /* ViewController.swift in Sources */ = {isa = PBXBuildFile; fileRef = D994645C2A681E5400503BB7 /* ViewController.swift */; };
		D99464622A681E5600503BB7 /* Assets.xcassets in Resources */ = {isa = PBXBuildFile; fileRef = D99464612A681E5600503BB7 /* Assets.xcassets */; };
		D99464652A681E5600503BB7 /* LaunchScreen.storyboard in Resources */ = {isa = PBXBuildFile; fileRef = D99464632A681E5600503BB7 /* LaunchScreen.storyboard */; };
		D99464732A69786B00503BB7 /* BaseView.swift in Sources */ = {isa = PBXBuildFile; fileRef = D99464722A69786B00503BB7 /* BaseView.swift */; };
		D99464752A6978D700503BB7 /* BaseViewModel.swift in Sources */ = {isa = PBXBuildFile; fileRef = D99464742A6978D700503BB7 /* BaseViewModel.swift */; };
		D99464772A69790700503BB7 /* BaseCoordinator.swift in Sources */ = {isa = PBXBuildFile; fileRef = D99464762A69790700503BB7 /* BaseCoordinator.swift */; };
/* End PBXBuildFile section */

/* Begin PBXFileReference section */
		C42CA7101450C942291E46D8 /* Pods-PokemonPro-App.release.xcconfig */ = {isa = PBXFileReference; includeInIndex = 1; lastKnownFileType = text.xcconfig; name = "Pods-PokemonPro-App.release.xcconfig"; path = "Target Support Files/Pods-PokemonPro-App/Pods-PokemonPro-App.release.xcconfig"; sourceTree = "<group>"; };
		D949900B2A715AC700B7B574 /* Events.swift */ = {isa = PBXFileReference; lastKnownFileType = sourcecode.swift; path = Events.swift; sourceTree = "<group>"; };
		D949900D2A715B3600B7B574 /* NetworkServiceContainable.swift */ = {isa = PBXFileReference; lastKnownFileType = sourcecode.swift; path = NetworkServiceContainable.swift; sourceTree = "<group>"; };
		D949900F2A715B8000B7B574 /* NetworkSessionProcessable.swift */ = {isa = PBXFileReference; lastKnownFileType = sourcecode.swift; path = NetworkSessionProcessable.swift; sourceTree = "<group>"; };
		D94990112A715BD200B7B574 /* URLContainable.swift */ = {isa = PBXFileReference; lastKnownFileType = sourcecode.swift; path = URLContainable.swift; sourceTree = "<group>"; };
		D94990162A724FEF00B7B574 /* HTTPMethod.swift */ = {isa = PBXFileReference; lastKnownFileType = sourcecode.swift; path = HTTPMethod.swift; sourceTree = "<group>"; };
		D94990182A7251E900B7B574 /* RequestError.swift */ = {isa = PBXFileReference; lastKnownFileType = sourcecode.swift; path = RequestError.swift; sourceTree = "<group>"; };
		D949901A2A72522A00B7B574 /* NetworkService.swift */ = {isa = PBXFileReference; lastKnownFileType = sourcecode.swift; path = NetworkService.swift; sourceTree = "<group>"; };
		D99464552A681E5400503BB7 /* PokemonPro-App.app */ = {isa = PBXFileReference; explicitFileType = wrapper.application; includeInIndex = 0; path = "PokemonPro-App.app"; sourceTree = BUILT_PRODUCTS_DIR; };
		D99464582A681E5400503BB7 /* AppDelegate.swift */ = {isa = PBXFileReference; lastKnownFileType = sourcecode.swift; path = AppDelegate.swift; sourceTree = "<group>"; };
		D994645C2A681E5400503BB7 /* ViewController.swift */ = {isa = PBXFileReference; lastKnownFileType = sourcecode.swift; path = ViewController.swift; sourceTree = "<group>"; };
		D99464612A681E5600503BB7 /* Assets.xcassets */ = {isa = PBXFileReference; lastKnownFileType = folder.assetcatalog; path = Assets.xcassets; sourceTree = "<group>"; };
		D99464642A681E5600503BB7 /* Base */ = {isa = PBXFileReference; lastKnownFileType = file.storyboard; name = Base; path = Base.lproj/LaunchScreen.storyboard; sourceTree = "<group>"; };
		D99464662A681E5600503BB7 /* Info.plist */ = {isa = PBXFileReference; lastKnownFileType = text.plist.xml; path = Info.plist; sourceTree = "<group>"; };
		D99464722A69786B00503BB7 /* BaseView.swift */ = {isa = PBXFileReference; lastKnownFileType = sourcecode.swift; path = BaseView.swift; sourceTree = "<group>"; };
		D99464742A6978D700503BB7 /* BaseViewModel.swift */ = {isa = PBXFileReference; lastKnownFileType = sourcecode.swift; path = BaseViewModel.swift; sourceTree = "<group>"; };
		D99464762A69790700503BB7 /* BaseCoordinator.swift */ = {isa = PBXFileReference; lastKnownFileType = sourcecode.swift; path = BaseCoordinator.swift; sourceTree = "<group>"; };
		EE7894859CDD75BFA2E47468 /* Pods-PokemonPro-App.debug.xcconfig */ = {isa = PBXFileReference; includeInIndex = 1; lastKnownFileType = text.xcconfig; name = "Pods-PokemonPro-App.debug.xcconfig"; path = "Target Support Files/Pods-PokemonPro-App/Pods-PokemonPro-App.debug.xcconfig"; sourceTree = "<group>"; };
		F5B29BB30AEA75896ACD5DB3 /* Pods_PokemonPro_App.framework */ = {isa = PBXFileReference; explicitFileType = wrapper.framework; includeInIndex = 0; path = Pods_PokemonPro_App.framework; sourceTree = BUILT_PRODUCTS_DIR; };
/* End PBXFileReference section */

/* Begin PBXFrameworksBuildPhase section */
		D99464522A681E5400503BB7 /* Frameworks */ = {
			isa = PBXFrameworksBuildPhase;
			buildActionMask = 2147483647;
			files = (
				AAE73C3472913275C048AD97 /* Pods_PokemonPro_App.framework in Frameworks */,
			);
			runOnlyForDeploymentPostprocessing = 0;
		};
/* End PBXFrameworksBuildPhase section */

/* Begin PBXGroup section */
		696EE6D3897FA83FEAF4FEFC /* Pods */ = {
			isa = PBXGroup;
			children = (
				EE7894859CDD75BFA2E47468 /* Pods-PokemonPro-App.debug.xcconfig */,
				C42CA7101450C942291E46D8 /* Pods-PokemonPro-App.release.xcconfig */,
			);
			path = Pods;
			sourceTree = "<group>";
		};
		CCFC9F17FD654C2A83A7712E /* Frameworks */ = {
			isa = PBXGroup;
			children = (
				F5B29BB30AEA75896ACD5DB3 /* Pods_PokemonPro_App.framework */,
			);
			name = Frameworks;
			sourceTree = "<group>";
		};
		D94990152A724FD600B7B574 /* NetworkService */ = {
			isa = PBXGroup;
			children = (
				D94990162A724FEF00B7B574 /* HTTPMethod.swift */,
				D94990182A7251E900B7B574 /* RequestError.swift */,
				D949901A2A72522A00B7B574 /* NetworkService.swift */,
			);
			path = NetworkService;
			sourceTree = "<group>";
		};
		D994644C2A681E5400503BB7 = {
			isa = PBXGroup;
			children = (
				D99464572A681E5400503BB7 /* PokemonPro-App */,
				D99464562A681E5400503BB7 /* Products */,
				696EE6D3897FA83FEAF4FEFC /* Pods */,
				CCFC9F17FD654C2A83A7712E /* Frameworks */,
			);
			sourceTree = "<group>";
		};
		D99464562A681E5400503BB7 /* Products */ = {
			isa = PBXGroup;
			children = (
				D99464552A681E5400503BB7 /* PokemonPro-App.app */,
			);
			name = Products;
			sourceTree = "<group>";
		};
		D99464572A681E5400503BB7 /* PokemonPro-App */ = {
			isa = PBXGroup;
			children = (
				D99464712A68228F00503BB7 /* FlowComponents */,
				D99464702A68228200503BB7 /* Managers */,
				D994646F2A68227300503BB7 /* Protocols */,
				D994646E2A68226500503BB7 /* BaseComponents */,
				D994646C2A68217000503BB7 /* Application */,
				D994646D2A68218800503BB7 /* SupportingFiles */,
				D994645C2A681E5400503BB7 /* ViewController.swift */,
			);
			path = "PokemonPro-App";
			sourceTree = "<group>";
		};
		D994646C2A68217000503BB7 /* Application */ = {
			isa = PBXGroup;
			children = (
				D99464582A681E5400503BB7 /* AppDelegate.swift */,
			);
			path = Application;
			sourceTree = "<group>";
		};
		D994646D2A68218800503BB7 /* SupportingFiles */ = {
			isa = PBXGroup;
			children = (
				D99464612A681E5600503BB7 /* Assets.xcassets */,
				D99464632A681E5600503BB7 /* LaunchScreen.storyboard */,
				D99464662A681E5600503BB7 /* Info.plist */,
			);
			path = SupportingFiles;
			sourceTree = "<group>";
		};
		D994646E2A68226500503BB7 /* BaseComponents */ = {
			isa = PBXGroup;
			children = (
				D99464722A69786B00503BB7 /* BaseView.swift */,
				D99464742A6978D700503BB7 /* BaseViewModel.swift */,
				D99464762A69790700503BB7 /* BaseCoordinator.swift */,
			);
			path = BaseComponents;
			sourceTree = "<group>";
		};
		D994646F2A68227300503BB7 /* Protocols */ = {
			isa = PBXGroup;
			children = (
				D949900B2A715AC700B7B574 /* Events.swift */,
				D949900D2A715B3600B7B574 /* NetworkServiceContainable.swift */,
				D949900F2A715B8000B7B574 /* NetworkSessionProcessable.swift */,
				D94990112A715BD200B7B574 /* URLContainable.swift */,
			);
			path = Protocols;
			sourceTree = "<group>";
		};
		D99464702A68228200503BB7 /* Managers */ = {
			isa = PBXGroup;
			children = (
				D94990152A724FD600B7B574 /* NetworkService */,
			);
			path = Managers;
			sourceTree = "<group>";
		};
		D99464712A68228F00503BB7 /* FlowComponents */ = {
			isa = PBXGroup;
			children = (
			);
			path = FlowComponents;
			sourceTree = "<group>";
		};
/* End PBXGroup section */

/* Begin PBXNativeTarget section */
		D99464542A681E5400503BB7 /* PokemonPro-App */ = {
			isa = PBXNativeTarget;
			buildConfigurationList = D99464692A681E5600503BB7 /* Build configuration list for PBXNativeTarget "PokemonPro-App" */;
			buildPhases = (
				AA3BD3D1BD08F5EC75EDFB2B /* [CP] Check Pods Manifest.lock */,
				D99464512A681E5400503BB7 /* Sources */,
				D99464522A681E5400503BB7 /* Frameworks */,
				D99464532A681E5400503BB7 /* Resources */,
				8CCC64F7A39A2A32C38B68B3 /* [CP] Embed Pods Frameworks */,
			);
			buildRules = (
			);
			dependencies = (
			);
			name = "PokemonPro-App";
			productName = "PokemonPro-App";
			productReference = D99464552A681E5400503BB7 /* PokemonPro-App.app */;
			productType = "com.apple.product-type.application";
		};
/* End PBXNativeTarget section */

/* Begin PBXProject section */
		D994644D2A681E5400503BB7 /* Project object */ = {
			isa = PBXProject;
			attributes = {
				BuildIndependentTargetsInParallel = 1;
				LastSwiftUpdateCheck = 1420;
				LastUpgradeCheck = 1420;
				TargetAttributes = {
					D99464542A681E5400503BB7 = {
						CreatedOnToolsVersion = 14.2;
					};
				};
			};
			buildConfigurationList = D99464502A681E5400503BB7 /* Build configuration list for PBXProject "PokemonPro-App" */;
			compatibilityVersion = "Xcode 13.0";
			developmentRegion = en;
			hasScannedForEncodings = 0;
			knownRegions = (
				en,
				Base,
			);
			mainGroup = D994644C2A681E5400503BB7;
			productRefGroup = D99464562A681E5400503BB7 /* Products */;
			projectDirPath = "";
			projectRoot = "";
			targets = (
				D99464542A681E5400503BB7 /* PokemonPro-App */,
			);
		};
/* End PBXProject section */

/* Begin PBXResourcesBuildPhase section */
		D99464532A681E5400503BB7 /* Resources */ = {
			isa = PBXResourcesBuildPhase;
			buildActionMask = 2147483647;
			files = (
				D99464652A681E5600503BB7 /* LaunchScreen.storyboard in Resources */,
				D99464622A681E5600503BB7 /* Assets.xcassets in Resources */,
			);
			runOnlyForDeploymentPostprocessing = 0;
		};
/* End PBXResourcesBuildPhase section */

/* Begin PBXShellScriptBuildPhase section */
		8CCC64F7A39A2A32C38B68B3 /* [CP] Embed Pods Frameworks */ = {
			isa = PBXShellScriptBuildPhase;
			buildActionMask = 2147483647;
			files = (
			);
			inputFileListPaths = (
				"${PODS_ROOT}/Target Support Files/Pods-PokemonPro-App/Pods-PokemonPro-App-frameworks-${CONFIGURATION}-input-files.xcfilelist",
			);
			name = "[CP] Embed Pods Frameworks";
			outputFileListPaths = (
				"${PODS_ROOT}/Target Support Files/Pods-PokemonPro-App/Pods-PokemonPro-App-frameworks-${CONFIGURATION}-output-files.xcfilelist",
			);
			runOnlyForDeploymentPostprocessing = 0;
			shellPath = /bin/sh;
			shellScript = "\"${PODS_ROOT}/Target Support Files/Pods-PokemonPro-App/Pods-PokemonPro-App-frameworks.sh\"\n";
			showEnvVarsInLog = 0;
		};
		AA3BD3D1BD08F5EC75EDFB2B /* [CP] Check Pods Manifest.lock */ = {
			isa = PBXShellScriptBuildPhase;
			buildActionMask = 2147483647;
			files = (
			);
			inputFileListPaths = (
			);
			inputPaths = (
				"${PODS_PODFILE_DIR_PATH}/Podfile.lock",
				"${PODS_ROOT}/Manifest.lock",
			);
			name = "[CP] Check Pods Manifest.lock";
			outputFileListPaths = (
			);
			outputPaths = (
				"$(DERIVED_FILE_DIR)/Pods-PokemonPro-App-checkManifestLockResult.txt",
			);
			runOnlyForDeploymentPostprocessing = 0;
			shellPath = /bin/sh;
			shellScript = "diff \"${PODS_PODFILE_DIR_PATH}/Podfile.lock\" \"${PODS_ROOT}/Manifest.lock\" > /dev/null\nif [ $? != 0 ] ; then\n    # print error to STDERR\n    echo \"error: The sandbox is not in sync with the Podfile.lock. Run 'pod install' or update your CocoaPods installation.\" >&2\n    exit 1\nfi\n# This output is used by Xcode 'outputs' to avoid re-running this script phase.\necho \"SUCCESS\" > \"${SCRIPT_OUTPUT_FILE_0}\"\n";
			showEnvVarsInLog = 0;
		};
/* End PBXShellScriptBuildPhase section */

/* Begin PBXSourcesBuildPhase section */
		D99464512A681E5400503BB7 /* Sources */ = {
			isa = PBXSourcesBuildPhase;
			buildActionMask = 2147483647;
			files = (
				D949900E2A715B3600B7B574 /* NetworkServiceContainable.swift in Sources */,
				D94990122A715BD200B7B574 /* URLContainable.swift in Sources */,
				D949900C2A715AC700B7B574 /* Events.swift in Sources */,
				D94990172A724FEF00B7B574 /* HTTPMethod.swift in Sources */,
				D99464772A69790700503BB7 /* BaseCoordinator.swift in Sources */,
				D94990102A715B8000B7B574 /* NetworkSessionProcessable.swift in Sources */,
				D99464732A69786B00503BB7 /* BaseView.swift in Sources */,
				D94990192A7251E900B7B574 /* RequestError.swift in Sources */,
				D99464752A6978D700503BB7 /* BaseViewModel.swift in Sources */,
				D994645D2A681E5400503BB7 /* ViewController.swift in Sources */,
				D949901B2A72522A00B7B574 /* NetworkService.swift in Sources */,
				D99464592A681E5400503BB7 /* AppDelegate.swift in Sources */,
			);
			runOnlyForDeploymentPostprocessing = 0;
		};
/* End PBXSourcesBuildPhase section */

/* Begin PBXVariantGroup section */
		D99464632A681E5600503BB7 /* LaunchScreen.storyboard */ = {
			isa = PBXVariantGroup;
			children = (
				D99464642A681E5600503BB7 /* Base */,
			);
			name = LaunchScreen.storyboard;
			sourceTree = "<group>";
		};
/* End PBXVariantGroup section */

/* Begin XCBuildConfiguration section */
		D99464672A681E5600503BB7 /* Debug */ = {
			isa = XCBuildConfiguration;
			buildSettings = {
				ALWAYS_SEARCH_USER_PATHS = NO;
				CLANG_ANALYZER_NONNULL = YES;
				CLANG_ANALYZER_NUMBER_OBJECT_CONVERSION = YES_AGGRESSIVE;
				CLANG_CXX_LANGUAGE_STANDARD = "gnu++20";
				CLANG_ENABLE_MODULES = YES;
				CLANG_ENABLE_OBJC_ARC = YES;
				CLANG_ENABLE_OBJC_WEAK = YES;
				CLANG_WARN_BLOCK_CAPTURE_AUTORELEASING = YES;
				CLANG_WARN_BOOL_CONVERSION = YES;
				CLANG_WARN_COMMA = YES;
				CLANG_WARN_CONSTANT_CONVERSION = YES;
				CLANG_WARN_DEPRECATED_OBJC_IMPLEMENTATIONS = YES;
				CLANG_WARN_DIRECT_OBJC_ISA_USAGE = YES_ERROR;
				CLANG_WARN_DOCUMENTATION_COMMENTS = YES;
				CLANG_WARN_EMPTY_BODY = YES;
				CLANG_WARN_ENUM_CONVERSION = YES;
				CLANG_WARN_INFINITE_RECURSION = YES;
				CLANG_WARN_INT_CONVERSION = YES;
				CLANG_WARN_NON_LITERAL_NULL_CONVERSION = YES;
				CLANG_WARN_OBJC_IMPLICIT_RETAIN_SELF = YES;
				CLANG_WARN_OBJC_LITERAL_CONVERSION = YES;
				CLANG_WARN_OBJC_ROOT_CLASS = YES_ERROR;
				CLANG_WARN_QUOTED_INCLUDE_IN_FRAMEWORK_HEADER = YES;
				CLANG_WARN_RANGE_LOOP_ANALYSIS = YES;
				CLANG_WARN_STRICT_PROTOTYPES = YES;
				CLANG_WARN_SUSPICIOUS_MOVE = YES;
				CLANG_WARN_UNGUARDED_AVAILABILITY = YES_AGGRESSIVE;
				CLANG_WARN_UNREACHABLE_CODE = YES;
				CLANG_WARN__DUPLICATE_METHOD_MATCH = YES;
				COPY_PHASE_STRIP = NO;
				DEBUG_INFORMATION_FORMAT = dwarf;
				ENABLE_STRICT_OBJC_MSGSEND = YES;
				ENABLE_TESTABILITY = YES;
				GCC_C_LANGUAGE_STANDARD = gnu11;
				GCC_DYNAMIC_NO_PIC = NO;
				GCC_NO_COMMON_BLOCKS = YES;
				GCC_OPTIMIZATION_LEVEL = 0;
				GCC_PREPROCESSOR_DEFINITIONS = (
					"DEBUG=1",
					"$(inherited)",
				);
				GCC_WARN_64_TO_32_BIT_CONVERSION = YES;
				GCC_WARN_ABOUT_RETURN_TYPE = YES_ERROR;
				GCC_WARN_UNDECLARED_SELECTOR = YES;
				GCC_WARN_UNINITIALIZED_AUTOS = YES_AGGRESSIVE;
				GCC_WARN_UNUSED_FUNCTION = YES;
				GCC_WARN_UNUSED_VARIABLE = YES;
				IPHONEOS_DEPLOYMENT_TARGET = 16.2;
				MTL_ENABLE_DEBUG_INFO = INCLUDE_SOURCE;
				MTL_FAST_MATH = YES;
				ONLY_ACTIVE_ARCH = YES;
				SDKROOT = iphoneos;
				SWIFT_ACTIVE_COMPILATION_CONDITIONS = DEBUG;
				SWIFT_OPTIMIZATION_LEVEL = "-Onone";
			};
			name = Debug;
		};
		D99464682A681E5600503BB7 /* Release */ = {
			isa = XCBuildConfiguration;
			buildSettings = {
				ALWAYS_SEARCH_USER_PATHS = NO;
				CLANG_ANALYZER_NONNULL = YES;
				CLANG_ANALYZER_NUMBER_OBJECT_CONVERSION = YES_AGGRESSIVE;
				CLANG_CXX_LANGUAGE_STANDARD = "gnu++20";
				CLANG_ENABLE_MODULES = YES;
				CLANG_ENABLE_OBJC_ARC = YES;
				CLANG_ENABLE_OBJC_WEAK = YES;
				CLANG_WARN_BLOCK_CAPTURE_AUTORELEASING = YES;
				CLANG_WARN_BOOL_CONVERSION = YES;
				CLANG_WARN_COMMA = YES;
				CLANG_WARN_CONSTANT_CONVERSION = YES;
				CLANG_WARN_DEPRECATED_OBJC_IMPLEMENTATIONS = YES;
				CLANG_WARN_DIRECT_OBJC_ISA_USAGE = YES_ERROR;
				CLANG_WARN_DOCUMENTATION_COMMENTS = YES;
				CLANG_WARN_EMPTY_BODY = YES;
				CLANG_WARN_ENUM_CONVERSION = YES;
				CLANG_WARN_INFINITE_RECURSION = YES;
				CLANG_WARN_INT_CONVERSION = YES;
				CLANG_WARN_NON_LITERAL_NULL_CONVERSION = YES;
				CLANG_WARN_OBJC_IMPLICIT_RETAIN_SELF = YES;
				CLANG_WARN_OBJC_LITERAL_CONVERSION = YES;
				CLANG_WARN_OBJC_ROOT_CLASS = YES_ERROR;
				CLANG_WARN_QUOTED_INCLUDE_IN_FRAMEWORK_HEADER = YES;
				CLANG_WARN_RANGE_LOOP_ANALYSIS = YES;
				CLANG_WARN_STRICT_PROTOTYPES = YES;
				CLANG_WARN_SUSPICIOUS_MOVE = YES;
				CLANG_WARN_UNGUARDED_AVAILABILITY = YES_AGGRESSIVE;
				CLANG_WARN_UNREACHABLE_CODE = YES;
				CLANG_WARN__DUPLICATE_METHOD_MATCH = YES;
				COPY_PHASE_STRIP = NO;
				DEBUG_INFORMATION_FORMAT = "dwarf-with-dsym";
				ENABLE_NS_ASSERTIONS = NO;
				ENABLE_STRICT_OBJC_MSGSEND = YES;
				GCC_C_LANGUAGE_STANDARD = gnu11;
				GCC_NO_COMMON_BLOCKS = YES;
				GCC_WARN_64_TO_32_BIT_CONVERSION = YES;
				GCC_WARN_ABOUT_RETURN_TYPE = YES_ERROR;
				GCC_WARN_UNDECLARED_SELECTOR = YES;
				GCC_WARN_UNINITIALIZED_AUTOS = YES_AGGRESSIVE;
				GCC_WARN_UNUSED_FUNCTION = YES;
				GCC_WARN_UNUSED_VARIABLE = YES;
				IPHONEOS_DEPLOYMENT_TARGET = 16.2;
				MTL_ENABLE_DEBUG_INFO = NO;
				MTL_FAST_MATH = YES;
				SDKROOT = iphoneos;
				SWIFT_COMPILATION_MODE = wholemodule;
				SWIFT_OPTIMIZATION_LEVEL = "-O";
				VALIDATE_PRODUCT = YES;
			};
			name = Release;
		};
		D994646A2A681E5600503BB7 /* Debug */ = {
			isa = XCBuildConfiguration;
			baseConfigurationReference = EE7894859CDD75BFA2E47468 /* Pods-PokemonPro-App.debug.xcconfig */;
			buildSettings = {
				ASSETCATALOG_COMPILER_APPICON_NAME = AppIcon;
				ASSETCATALOG_COMPILER_GLOBAL_ACCENT_COLOR_NAME = AccentColor;
				CODE_SIGN_IDENTITY = "Apple Development";
				CODE_SIGN_STYLE = Automatic;
				CURRENT_PROJECT_VERSION = 1;
				DEVELOPMENT_TEAM = 766FVMV63R;
				GENERATE_INFOPLIST_FILE = YES;
				INFOPLIST_FILE = "PokemonPro-App/SupportingFiles/Info.plist";
				INFOPLIST_KEY_UIApplicationSceneManifest_Generation = NO;
				INFOPLIST_KEY_UIApplicationSupportsIndirectInputEvents = YES;
				INFOPLIST_KEY_UILaunchStoryboardName = LaunchScreen;
				INFOPLIST_KEY_UISupportedInterfaceOrientations_iPad = "UIInterfaceOrientationPortrait UIInterfaceOrientationPortraitUpsideDown UIInterfaceOrientationLandscapeLeft UIInterfaceOrientationLandscapeRight";
				INFOPLIST_KEY_UISupportedInterfaceOrientations_iPhone = "UIInterfaceOrientationPortrait UIInterfaceOrientationLandscapeLeft UIInterfaceOrientationLandscapeRight";
				LD_RUNPATH_SEARCH_PATHS = (
					"$(inherited)",
					"@executable_path/Frameworks",
				);
				MARKETING_VERSION = 1.0;
				PRODUCT_BUNDLE_IDENTIFIER = "com.ermakov.PokemonPro-App";
				PRODUCT_NAME = "$(TARGET_NAME)";
				PROVISIONING_PROFILE_SPECIFIER = "";
				SWIFT_EMIT_LOC_STRINGS = YES;
				SWIFT_VERSION = 5.0;
				TARGETED_DEVICE_FAMILY = "1,2";
			};
			name = Debug;
		};
		D994646B2A681E5600503BB7 /* Release */ = {
			isa = XCBuildConfiguration;
			baseConfigurationReference = C42CA7101450C942291E46D8 /* Pods-PokemonPro-App.release.xcconfig */;
			buildSettings = {
				ASSETCATALOG_COMPILER_APPICON_NAME = AppIcon;
				ASSETCATALOG_COMPILER_GLOBAL_ACCENT_COLOR_NAME = AccentColor;
				CODE_SIGN_IDENTITY = "Apple Development";
				CODE_SIGN_STYLE = Automatic;
				CURRENT_PROJECT_VERSION = 1;
				DEVELOPMENT_TEAM = 766FVMV63R;
				GENERATE_INFOPLIST_FILE = YES;
				INFOPLIST_FILE = "PokemonPro-App/SupportingFiles/Info.plist";
				INFOPLIST_KEY_UIApplicationSceneManifest_Generation = NO;
				INFOPLIST_KEY_UIApplicationSupportsIndirectInputEvents = YES;
				INFOPLIST_KEY_UILaunchStoryboardName = LaunchScreen;
				INFOPLIST_KEY_UISupportedInterfaceOrientations_iPad = "UIInterfaceOrientationPortrait UIInterfaceOrientationPortraitUpsideDown UIInterfaceOrientationLandscapeLeft UIInterfaceOrientationLandscapeRight";
				INFOPLIST_KEY_UISupportedInterfaceOrientations_iPhone = "UIInterfaceOrientationPortrait UIInterfaceOrientationLandscapeLeft UIInterfaceOrientationLandscapeRight";
				LD_RUNPATH_SEARCH_PATHS = (
					"$(inherited)",
					"@executable_path/Frameworks",
				);
				MARKETING_VERSION = 1.0;
				PRODUCT_BUNDLE_IDENTIFIER = "com.ermakov.PokemonPro-App";
				PRODUCT_NAME = "$(TARGET_NAME)";
				PROVISIONING_PROFILE_SPECIFIER = "";
				SWIFT_EMIT_LOC_STRINGS = YES;
				SWIFT_VERSION = 5.0;
				TARGETED_DEVICE_FAMILY = "1,2";
			};
			name = Release;
		};
/* End XCBuildConfiguration section */

/* Begin XCConfigurationList section */
		D99464502A681E5400503BB7 /* Build configuration list for PBXProject "PokemonPro-App" */ = {
			isa = XCConfigurationList;
			buildConfigurations = (
				D99464672A681E5600503BB7 /* Debug */,
				D99464682A681E5600503BB7 /* Release */,
			);
			defaultConfigurationIsVisible = 0;
			defaultConfigurationName = Release;
		};
		D99464692A681E5600503BB7 /* Build configuration list for PBXNativeTarget "PokemonPro-App" */ = {
			isa = XCConfigurationList;
			buildConfigurations = (
				D994646A2A681E5600503BB7 /* Debug */,
				D994646B2A681E5600503BB7 /* Release */,
			);
			defaultConfigurationIsVisible = 0;
			defaultConfigurationName = Release;
		};
/* End XCConfigurationList section */
	};
	rootObject = D994644D2A681E5400503BB7 /* Project object */;
}
